// !$*UTF8*$!
{
	archiveVersion = 1;
	classes = {
	};
	objectVersion = 55;
	objects = {

/* Begin PBXBuildFile section */
		FF7A71782897857500E4764B /* AppDelegate.swift in Sources */ = {isa = PBXBuildFile; fileRef = FF7A71772897857500E4764B /* AppDelegate.swift */; };
		FF7A717A2897857500E4764B /* SceneDelegate.swift in Sources */ = {isa = PBXBuildFile; fileRef = FF7A71792897857500E4764B /* SceneDelegate.swift */; };
		FF7A717C2897857500E4764B /* ViewController.swift in Sources */ = {isa = PBXBuildFile; fileRef = FF7A717B2897857500E4764B /* ViewController.swift */; };
		FF7A717F2897857500E4764B /* Main.storyboard in Resources */ = {isa = PBXBuildFile; fileRef = FF7A717D2897857500E4764B /* Main.storyboard */; };
		FF7A71812897857600E4764B /* Assets.xcassets in Resources */ = {isa = PBXBuildFile; fileRef = FF7A71802897857600E4764B /* Assets.xcassets */; };
		FF7A71842897857600E4764B /* LaunchScreen.storyboard in Resources */ = {isa = PBXBuildFile; fileRef = FF7A71822897857600E4764B /* LaunchScreen.storyboard */; };
		FF7A718F2897857600E4764B /* helloworldTests.swift in Sources */ = {isa = PBXBuildFile; fileRef = FF7A718E2897857600E4764B /* helloworldTests.swift */; };
		FF7A71992897857600E4764B /* helloworldUITests.swift in Sources */ = {isa = PBXBuildFile; fileRef = FF7A71982897857600E4764B /* helloworldUITests.swift */; };
		FF7A719B2897857600E4764B /* helloworldUITestsLaunchTests.swift in Sources */ = {isa = PBXBuildFile; fileRef = FF7A719A2897857600E4764B /* helloworldUITestsLaunchTests.swift */; };
		FFB078DE29BDC88900904613 /* UiViewboard.storyboard in Resources */ = {isa = PBXBuildFile; fileRef = FFB078DD29BDC88900904613 /* UiViewboard.storyboard */; };
		FFB078E029BDC8A400904613 /* UiViewControll.swift in Sources */ = {isa = PBXBuildFile; fileRef = FFB078DF29BDC8A400904613 /* UiViewControll.swift */; };
		FFB078E229BDD59C00904613 /* Labelboard.storyboard in Resources */ = {isa = PBXBuildFile; fileRef = FFB078E129BDD59C00904613 /* Labelboard.storyboard */; };
		FFB078E529BDD5C500904613 /* LabelController.swift in Sources */ = {isa = PBXBuildFile; fileRef = FFB078E429BDD5C500904613 /* LabelController.swift */; };
		FFB078E729BDE87C00904613 /* repayment_ic_spin.png in Resources */ = {isa = PBXBuildFile; fileRef = FFB078E629BDE87C00904613 /* repayment_ic_spin.png */; };
/* End PBXBuildFile section */

/* Begin PBXContainerItemProxy section */
		FF7A718B2897857600E4764B /* PBXContainerItemProxy */ = {
			isa = PBXContainerItemProxy;
			containerPortal = FF7A716C2897857500E4764B /* Project object */;
			proxyType = 1;
			remoteGlobalIDString = FF7A71732897857500E4764B;
			remoteInfo = helloworld;
		};
		FF7A71952897857600E4764B /* PBXContainerItemProxy */ = {
			isa = PBXContainerItemProxy;
			containerPortal = FF7A716C2897857500E4764B /* Project object */;
			proxyType = 1;
			remoteGlobalIDString = FF7A71732897857500E4764B;
			remoteInfo = helloworld;
		};
/* End PBXContainerItemProxy section */

/* Begin PBXFileReference section */
		FF7A71742897857500E4764B /* helloworld.app */ = {isa = PBXFileReference; explicitFileType = wrapper.application; includeInIndex = 0; path = helloworld.app; sourceTree = BUILT_PRODUCTS_DIR; };
		FF7A71772897857500E4764B /* AppDelegate.swift */ = {isa = PBXFileReference; lastKnownFileType = sourcecode.swift; path = AppDelegate.swift; sourceTree = "<group>"; };
		FF7A71792897857500E4764B /* SceneDelegate.swift */ = {isa = PBXFileReference; lastKnownFileType = sourcecode.swift; path = SceneDelegate.swift; sourceTree = "<group>"; };
		FF7A717B2897857500E4764B /* ViewController.swift */ = {isa = PBXFileReference; lastKnownFileType = sourcecode.swift; path = ViewController.swift; sourceTree = "<group>"; };
		FF7A717E2897857500E4764B /* Base */ = {isa = PBXFileReference; lastKnownFileType = file.storyboard; name = Base; path = Base.lproj/Main.storyboard; sourceTree = "<group>"; };
		FF7A71802897857600E4764B /* Assets.xcassets */ = {isa = PBXFileReference; lastKnownFileType = folder.assetcatalog; path = Assets.xcassets; sourceTree = "<group>"; };
		FF7A71832897857600E4764B /* Base */ = {isa = PBXFileReference; lastKnownFileType = file.storyboard; name = Base; path = Base.lproj/LaunchScreen.storyboard; sourceTree = "<group>"; };
		FF7A71852897857600E4764B /* Info.plist */ = {isa = PBXFileReference; lastKnownFileType = text.plist.xml; path = Info.plist; sourceTree = "<group>"; };
		FF7A718A2897857600E4764B /* helloworldTests.xctest */ = {isa = PBXFileReference; explicitFileType = wrapper.cfbundle; includeInIndex = 0; path = helloworldTests.xctest; sourceTree = BUILT_PRODUCTS_DIR; };
		FF7A718E2897857600E4764B /* helloworldTests.swift */ = {isa = PBXFileReference; lastKnownFileType = sourcecode.swift; path = helloworldTests.swift; sourceTree = "<group>"; };
		FF7A71942897857600E4764B /* helloworldUITests.xctest */ = {isa = PBXFileReference; explicitFileType = wrapper.cfbundle; includeInIndex = 0; path = helloworldUITests.xctest; sourceTree = BUILT_PRODUCTS_DIR; };
		FF7A71982897857600E4764B /* helloworldUITests.swift */ = {isa = PBXFileReference; lastKnownFileType = sourcecode.swift; path = helloworldUITests.swift; sourceTree = "<group>"; };
		FF7A719A2897857600E4764B /* helloworldUITestsLaunchTests.swift */ = {isa = PBXFileReference; lastKnownFileType = sourcecode.swift; path = helloworldUITestsLaunchTests.swift; sourceTree = "<group>"; };
		FFB078DD29BDC88900904613 /* UiViewboard.storyboard */ = {isa = PBXFileReference; lastKnownFileType = file.storyboard; path = UiViewboard.storyboard; sourceTree = "<group>"; };
		FFB078DF29BDC8A400904613 /* UiViewControll.swift */ = {isa = PBXFileReference; lastKnownFileType = sourcecode.swift; path = UiViewControll.swift; sourceTree = "<group>"; };
		FFB078E129BDD59C00904613 /* Labelboard.storyboard */ = {isa = PBXFileReference; lastKnownFileType = file.storyboard; path = Labelboard.storyboard; sourceTree = "<group>"; };
		FFB078E429BDD5C500904613 /* LabelController.swift */ = {isa = PBXFileReference; lastKnownFileType = sourcecode.swift; path = LabelController.swift; sourceTree = "<group>"; };
		FFB078E629BDE87C00904613 /* repayment_ic_spin.png */ = {isa = PBXFileReference; lastKnownFileType = image.png; path = repayment_ic_spin.png; sourceTree = "<group>"; };
/* End PBXFileReference section */

/* Begin PBXFrameworksBuildPhase section */
		FF7A71712897857500E4764B /* Frameworks */ = {
			isa = PBXFrameworksBuildPhase;
			buildActionMask = 2147483647;
			files = (
			);
			runOnlyForDeploymentPostprocessing = 0;
		};
		FF7A71872897857600E4764B /* Frameworks */ = {
			isa = PBXFrameworksBuildPhase;
			buildActionMask = 2147483647;
			files = (
			);
			runOnlyForDeploymentPostprocessing = 0;
		};
		FF7A71912897857600E4764B /* Frameworks */ = {
			isa = PBXFrameworksBuildPhase;
			buildActionMask = 2147483647;
			files = (
			);
			runOnlyForDeploymentPostprocessing = 0;
		};
/* End PBXFrameworksBuildPhase section */

/* Begin PBXGroup section */
		FF7A716B2897857500E4764B = {
			isa = PBXGroup;
			children = (
				FF7A71762897857500E4764B /* helloworld */,
				FF7A718D2897857600E4764B /* helloworldTests */,
				FF7A71972897857600E4764B /* helloworldUITests */,
				FF7A71752897857500E4764B /* Products */,
			);
			sourceTree = "<group>";
		};
		FF7A71752897857500E4764B /* Products */ = {
			isa = PBXGroup;
			children = (
				FF7A71742897857500E4764B /* helloworld.app */,
				FF7A718A2897857600E4764B /* helloworldTests.xctest */,
				FF7A71942897857600E4764B /* helloworldUITests.xctest */,
			);
			name = Products;
			sourceTree = "<group>";
		};
		FF7A71762897857500E4764B /* helloworld */ = {
			isa = PBXGroup;
			children = (
				FFB078DC29BDC73C00904613 /* storyboard */,
				FFB078DB29BDC72C00904613 /* controller */,
				FF7A71772897857500E4764B /* AppDelegate.swift */,
				FF7A71792897857500E4764B /* SceneDelegate.swift */,
				FF7A71802897857600E4764B /* Assets.xcassets */,
				FFB078E629BDE87C00904613 /* repayment_ic_spin.png */,
				FF7A71852897857600E4764B /* Info.plist */,
			);
			path = helloworld;
			sourceTree = "<group>";
		};
		FF7A718D2897857600E4764B /* helloworldTests */ = {
			isa = PBXGroup;
			children = (
				FF7A718E2897857600E4764B /* helloworldTests.swift */,
			);
			path = helloworldTests;
			sourceTree = "<group>";
		};
		FF7A71972897857600E4764B /* helloworldUITests */ = {
			isa = PBXGroup;
			children = (
				FF7A71982897857600E4764B /* helloworldUITests.swift */,
				FF7A719A2897857600E4764B /* helloworldUITestsLaunchTests.swift */,
			);
			path = helloworldUITests;
			sourceTree = "<group>";
		};
		FFB078DB29BDC72C00904613 /* controller */ = {
			isa = PBXGroup;
			children = (
				FF7A717B2897857500E4764B /* ViewController.swift */,
				FFB078DF29BDC8A400904613 /* UiViewControll.swift */,
				FFB078E429BDD5C500904613 /* LabelController.swift */,
			);
			path = controller;
			sourceTree = "<group>";
		};
		FFB078DC29BDC73C00904613 /* storyboard */ = {
			isa = PBXGroup;
			children = (
				FF7A717D2897857500E4764B /* Main.storyboard */,
				FF7A71822897857600E4764B /* LaunchScreen.storyboard */,
				FFB078DD29BDC88900904613 /* UiViewboard.storyboard */,
				FFB078E129BDD59C00904613 /* Labelboard.storyboard */,
			);
			path = storyboard;
			sourceTree = "<group>";
		};
/* End PBXGroup section */

/* Begin PBXNativeTarget section */
		FF7A71732897857500E4764B /* helloworld */ = {
			isa = PBXNativeTarget;
			buildConfigurationList = FF7A719E2897857600E4764B /* Build configuration list for PBXNativeTarget "helloworld" */;
			buildPhases = (
				FF7A71702897857500E4764B /* Sources */,
				FF7A71712897857500E4764B /* Frameworks */,
				FF7A71722897857500E4764B /* Resources */,
			);
			buildRules = (
			);
			dependencies = (
			);
			name = helloworld;
			productName = helloworld;
			productReference = FF7A71742897857500E4764B /* helloworld.app */;
			productType = "com.apple.product-type.application";
		};
		FF7A71892897857600E4764B /* helloworldTests */ = {
			isa = PBXNativeTarget;
			buildConfigurationList = FF7A71A12897857600E4764B /* Build configuration list for PBXNativeTarget "helloworldTests" */;
			buildPhases = (
				FF7A71862897857600E4764B /* Sources */,
				FF7A71872897857600E4764B /* Frameworks */,
				FF7A71882897857600E4764B /* Resources */,
			);
			buildRules = (
			);
			dependencies = (
				FF7A718C2897857600E4764B /* PBXTargetDependency */,
			);
			name = helloworldTests;
			productName = helloworldTests;
			productReference = FF7A718A2897857600E4764B /* helloworldTests.xctest */;
			productType = "com.apple.product-type.bundle.unit-test";
		};
		FF7A71932897857600E4764B /* helloworldUITests */ = {
			isa = PBXNativeTarget;
			buildConfigurationList = FF7A71A42897857600E4764B /* Build configuration list for PBXNativeTarget "helloworldUITests" */;
			buildPhases = (
				FF7A71902897857600E4764B /* Sources */,
				FF7A71912897857600E4764B /* Frameworks */,
				FF7A71922897857600E4764B /* Resources */,
			);
			buildRules = (
			);
			dependencies = (
				FF7A71962897857600E4764B /* PBXTargetDependency */,
			);
			name = helloworldUITests;
			productName = helloworldUITests;
			productReference = FF7A71942897857600E4764B /* helloworldUITests.xctest */;
			productType = "com.apple.product-type.bundle.ui-testing";
		};
/* End PBXNativeTarget section */

/* Begin PBXProject section */
		FF7A716C2897857500E4764B /* Project object */ = {
			isa = PBXProject;
			attributes = {
				BuildIndependentTargetsInParallel = 1;
				LastSwiftUpdateCheck = 1340;
				LastUpgradeCheck = 1340;
				TargetAttributes = {
					FF7A71732897857500E4764B = {
						CreatedOnToolsVersion = 13.4.1;
					};
					FF7A71892897857600E4764B = {
						CreatedOnToolsVersion = 13.4.1;
						TestTargetID = FF7A71732897857500E4764B;
					};
					FF7A71932897857600E4764B = {
						CreatedOnToolsVersion = 13.4.1;
						TestTargetID = FF7A71732897857500E4764B;
					};
				};
			};
			buildConfigurationList = FF7A716F2897857500E4764B /* Build configuration list for PBXProject "helloworld" */;
			compatibilityVersion = "Xcode 13.0";
			developmentRegion = en;
			hasScannedForEncodings = 0;
			knownRegions = (
				en,
				Base,
			);
			mainGroup = FF7A716B2897857500E4764B;
			productRefGroup = FF7A71752897857500E4764B /* Products */;
			projectDirPath = "";
			projectRoot = "";
			targets = (
				FF7A71732897857500E4764B /* helloworld */,
				FF7A71892897857600E4764B /* helloworldTests */,
				FF7A71932897857600E4764B /* helloworldUITests */,
			);
		};
/* End PBXProject section */

/* Begin PBXResourcesBuildPhase section */
		FF7A71722897857500E4764B /* Resources */ = {
			isa = PBXResourcesBuildPhase;
			buildActionMask = 2147483647;
			files = (
				FF7A71842897857600E4764B /* LaunchScreen.storyboard in Resources */,
				FF7A71812897857600E4764B /* Assets.xcassets in Resources */,
				FFB078DE29BDC88900904613 /* UiViewboard.storyboard in Resources */,
				FF7A717F2897857500E4764B /* Main.storyboard in Resources */,
				FFB078E229BDD59C00904613 /* Labelboard.storyboard in Resources */,
				FFB078E729BDE87C00904613 /* repayment_ic_spin.png in Resources */,
			);
			runOnlyForDeploymentPostprocessing = 0;
		};
		FF7A71882897857600E4764B /* Resources */ = {
			isa = PBXResourcesBuildPhase;
			buildActionMask = 2147483647;
			files = (
			);
			runOnlyForDeploymentPostprocessing = 0;
		};
		FF7A71922897857600E4764B /* Resources */ = {
			isa = PBXResourcesBuildPhase;
			buildActionMask = 2147483647;
			files = (
			);
			runOnlyForDeploymentPostprocessing = 0;
		};
/* End PBXResourcesBuildPhase section */

/* Begin PBXSourcesBuildPhase section */
		FF7A71702897857500E4764B /* Sources */ = {
			isa = PBXSourcesBuildPhase;
			buildActionMask = 2147483647;
			files = (
				FF7A717C2897857500E4764B /* ViewController.swift in Sources */,
				FFB078E529BDD5C500904613 /* LabelController.swift in Sources */,
				FFB078E029BDC8A400904613 /* UiViewControll.swift in Sources */,
				FF7A71782897857500E4764B /* AppDelegate.swift in Sources */,
				FF7A717A2897857500E4764B /* SceneDelegate.swift in Sources */,
			);
			runOnlyForDeploymentPostprocessing = 0;
		};
		FF7A71862897857600E4764B /* Sources */ = {
			isa = PBXSourcesBuildPhase;
			buildActionMask = 2147483647;
			files = (
				FF7A718F2897857600E4764B /* helloworldTests.swift in Sources */,
			);
			runOnlyForDeploymentPostprocessing = 0;
		};
		FF7A71902897857600E4764B /* Sources */ = {
			isa = PBXSourcesBuildPhase;
			buildActionMask = 2147483647;
			files = (
				FF7A719B2897857600E4764B /* helloworldUITestsLaunchTests.swift in Sources */,
				FF7A71992897857600E4764B /* helloworldUITests.swift in Sources */,
			);
			runOnlyForDeploymentPostprocessing = 0;
		};
/* End PBXSourcesBuildPhase section */

/* Begin PBXTargetDependency section */
		FF7A718C2897857600E4764B /* PBXTargetDependency */ = {
			isa = PBXTargetDependency;
			target = FF7A71732897857500E4764B /* helloworld */;
			targetProxy = FF7A718B2897857600E4764B /* PBXContainerItemProxy */;
		};
		FF7A71962897857600E4764B /* PBXTargetDependency */ = {
			isa = PBXTargetDependency;
			target = FF7A71732897857500E4764B /* helloworld */;
			targetProxy = FF7A71952897857600E4764B /* PBXContainerItemProxy */;
		};
/* End PBXTargetDependency section */

/* Begin PBXVariantGroup section */
		FF7A717D2897857500E4764B /* Main.storyboard */ = {
			isa = PBXVariantGroup;
			children = (
				FF7A717E2897857500E4764B /* Base */,
			);
			name = Main.storyboard;
			sourceTree = "<group>";
		};
		FF7A71822897857600E4764B /* LaunchScreen.storyboard */ = {
			isa = PBXVariantGroup;
			children = (
				FF7A71832897857600E4764B /* Base */,
			);
			name = LaunchScreen.storyboard;
			sourceTree = "<group>";
		};
/* End PBXVariantGroup section */

/* Begin XCBuildConfiguration section */
		FF7A719C2897857600E4764B /* Debug */ = {
			isa = XCBuildConfiguration;
			buildSettings = {
				ALWAYS_SEARCH_USER_PATHS = NO;
				CLANG_ANALYZER_NONNULL = YES;
				CLANG_ANALYZER_NUMBER_OBJECT_CONVERSION = YES_AGGRESSIVE;
				CLANG_CXX_LANGUAGE_STANDARD = "gnu++17";
				CLANG_ENABLE_MODULES = YES;
				CLANG_ENABLE_OBJC_ARC = YES;
				CLANG_ENABLE_OBJC_WEAK = YES;
				CLANG_WARN_BLOCK_CAPTURE_AUTORELEASING = YES;
				CLANG_WARN_BOOL_CONVERSION = YES;
				CLANG_WARN_COMMA = YES;
				CLANG_WARN_CONSTANT_CONVERSION = YES;
				CLANG_WARN_DEPRECATED_OBJC_IMPLEMENTATIONS = YES;
				CLANG_WARN_DIRECT_OBJC_ISA_USAGE = YES_ERROR;
				CLANG_WARN_DOCUMENTATION_COMMENTS = YES;
				CLANG_WARN_EMPTY_BODY = YES;
				CLANG_WARN_ENUM_CONVERSION = YES;
				CLANG_WARN_INFINITE_RECURSION = YES;
				CLANG_WARN_INT_CONVERSION = YES;
				CLANG_WARN_NON_LITERAL_NULL_CONVERSION = YES;
				CLANG_WARN_OBJC_IMPLICIT_RETAIN_SELF = YES;
				CLANG_WARN_OBJC_LITERAL_CONVERSION = YES;
				CLANG_WARN_OBJC_ROOT_CLASS = YES_ERROR;
				CLANG_WARN_QUOTED_INCLUDE_IN_FRAMEWORK_HEADER = YES;
				CLANG_WARN_RANGE_LOOP_ANALYSIS = YES;
				CLANG_WARN_STRICT_PROTOTYPES = YES;
				CLANG_WARN_SUSPICIOUS_MOVE = YES;
				CLANG_WARN_UNGUARDED_AVAILABILITY = YES_AGGRESSIVE;
				CLANG_WARN_UNREACHABLE_CODE = YES;
				CLANG_WARN__DUPLICATE_METHOD_MATCH = YES;
				COPY_PHASE_STRIP = NO;
				DEBUG_INFORMATION_FORMAT = dwarf;
				ENABLE_STRICT_OBJC_MSGSEND = YES;
				ENABLE_TESTABILITY = YES;
				GCC_C_LANGUAGE_STANDARD = gnu11;
				GCC_DYNAMIC_NO_PIC = NO;
				GCC_NO_COMMON_BLOCKS = YES;
				GCC_OPTIMIZATION_LEVEL = 0;
				GCC_PREPROCESSOR_DEFINITIONS = (
					"DEBUG=1",
					"$(inherited)",
				);
				GCC_WARN_64_TO_32_BIT_CONVERSION = YES;
				GCC_WARN_ABOUT_RETURN_TYPE = YES_ERROR;
				GCC_WARN_UNDECLARED_SELECTOR = YES;
				GCC_WARN_UNINITIALIZED_AUTOS = YES_AGGRESSIVE;
				GCC_WARN_UNUSED_FUNCTION = YES;
				GCC_WARN_UNUSED_VARIABLE = YES;
				IPHONEOS_DEPLOYMENT_TARGET = 15.5;
				MTL_ENABLE_DEBUG_INFO = INCLUDE_SOURCE;
				MTL_FAST_MATH = YES;
				ONLY_ACTIVE_ARCH = YES;
				SDKROOT = iphoneos;
				SWIFT_ACTIVE_COMPILATION_CONDITIONS = DEBUG;
				SWIFT_OPTIMIZATION_LEVEL = "-Onone";
			};
			name = Debug;
		};
		FF7A719D2897857600E4764B /* Release */ = {
			isa = XCBuildConfiguration;
			buildSettings = {
				ALWAYS_SEARCH_USER_PATHS = NO;
				CLANG_ANALYZER_NONNULL = YES;
				CLANG_ANALYZER_NUMBER_OBJECT_CONVERSION = YES_AGGRESSIVE;
				CLANG_CXX_LANGUAGE_STANDARD = "gnu++17";
				CLANG_ENABLE_MODULES = YES;
				CLANG_ENABLE_OBJC_ARC = YES;
				CLANG_ENABLE_OBJC_WEAK = YES;
				CLANG_WARN_BLOCK_CAPTURE_AUTORELEASING = YES;
				CLANG_WARN_BOOL_CONVERSION = YES;
				CLANG_WARN_COMMA = YES;
				CLANG_WARN_CONSTANT_CONVERSION = YES;
				CLANG_WARN_DEPRECATED_OBJC_IMPLEMENTATIONS = YES;
				CLANG_WARN_DIRECT_OBJC_ISA_USAGE = YES_ERROR;
				CLANG_WARN_DOCUMENTATION_COMMENTS = YES;
				CLANG_WARN_EMPTY_BODY = YES;
				CLANG_WARN_ENUM_CONVERSION = YES;
				CLANG_WARN_INFINITE_RECURSION = YES;
				CLANG_WARN_INT_CONVERSION = YES;
				CLANG_WARN_NON_LITERAL_NULL_CONVERSION = YES;
				CLANG_WARN_OBJC_IMPLICIT_RETAIN_SELF = YES;
				CLANG_WARN_OBJC_LITERAL_CONVERSION = YES;
				CLANG_WARN_OBJC_ROOT_CLASS = YES_ERROR;
				CLANG_WARN_QUOTED_INCLUDE_IN_FRAMEWORK_HEADER = YES;
				CLANG_WARN_RANGE_LOOP_ANALYSIS = YES;
				CLANG_WARN_STRICT_PROTOTYPES = YES;
				CLANG_WARN_SUSPICIOUS_MOVE = YES;
				CLANG_WARN_UNGUARDED_AVAILABILITY = YES_AGGRESSIVE;
				CLANG_WARN_UNREACHABLE_CODE = YES;
				CLANG_WARN__DUPLICATE_METHOD_MATCH = YES;
				COPY_PHASE_STRIP = NO;
				DEBUG_INFORMATION_FORMAT = "dwarf-with-dsym";
				ENABLE_NS_ASSERTIONS = NO;
				ENABLE_STRICT_OBJC_MSGSEND = YES;
				GCC_C_LANGUAGE_STANDARD = gnu11;
				GCC_NO_COMMON_BLOCKS = YES;
				GCC_WARN_64_TO_32_BIT_CONVERSION = YES;
				GCC_WARN_ABOUT_RETURN_TYPE = YES_ERROR;
				GCC_WARN_UNDECLARED_SELECTOR = YES;
				GCC_WARN_UNINITIALIZED_AUTOS = YES_AGGRESSIVE;
				GCC_WARN_UNUSED_FUNCTION = YES;
				GCC_WARN_UNUSED_VARIABLE = YES;
				IPHONEOS_DEPLOYMENT_TARGET = 15.5;
				MTL_ENABLE_DEBUG_INFO = NO;
				MTL_FAST_MATH = YES;
				SDKROOT = iphoneos;
				SWIFT_COMPILATION_MODE = wholemodule;
				SWIFT_OPTIMIZATION_LEVEL = "-O";
				VALIDATE_PRODUCT = YES;
			};
			name = Release;
		};
		FF7A719F2897857600E4764B /* Debug */ = {
			isa = XCBuildConfiguration;
			buildSettings = {
				ASSETCATALOG_COMPILER_APPICON_NAME = AppIcon;
				ASSETCATALOG_COMPILER_GLOBAL_ACCENT_COLOR_NAME = AccentColor;
				CODE_SIGN_STYLE = Automatic;
				CURRENT_PROJECT_VERSION = 1;
				GENERATE_INFOPLIST_FILE = YES;
				INFOPLIST_FILE = helloworld/Info.plist;
				INFOPLIST_KEY_UIApplicationSupportsIndirectInputEvents = YES;
				INFOPLIST_KEY_UILaunchStoryboardName = LaunchScreen;
				INFOPLIST_KEY_UIMainStoryboardFile = Main;
				INFOPLIST_KEY_UISupportedInterfaceOrientations_iPad = "UIInterfaceOrientationPortrait UIInterfaceOrientationPortraitUpsideDown UIInterfaceOrientationLandscapeLeft UIInterfaceOrientationLandscapeRight";
				INFOPLIST_KEY_UISupportedInterfaceOrientations_iPhone = "UIInterfaceOrientationPortrait UIInterfaceOrientationLandscapeLeft UIInterfaceOrientationLandscapeRight";
				IPHONEOS_DEPLOYMENT_TARGET = 13.0;
				LD_RUNPATH_SEARCH_PATHS = (
					"$(inherited)",
					"@executable_path/Frameworks",
				);
				MARKETING_VERSION = 1.0;
				PRODUCT_BUNDLE_IDENTIFIER = com.tangbull.helloworld;
				PRODUCT_NAME = "$(TARGET_NAME)";
				SWIFT_EMIT_LOC_STRINGS = YES;
				SWIFT_VERSION = 5.0;
				TARGETED_DEVICE_FAMILY = "1,2";
			};
			name = Debug;
		};
		FF7A71A02897857600E4764B /* Release */ = {
			isa = XCBuildConfiguration;
			buildSettings = {
				ASSETCATALOG_COMPILER_APPICON_NAME = AppIcon;
				ASSETCATALOG_COMPILER_GLOBAL_ACCENT_COLOR_NAME = AccentColor;
				CODE_SIGN_STYLE = Automatic;
				CURRENT_PROJECT_VERSION = 1;
				GENERATE_INFOPLIST_FILE = YES;
				INFOPLIST_FILE = helloworld/Info.plist;
				INFOPLIST_KEY_UIApplicationSupportsIndirectInputEvents = YES;
				INFOPLIST_KEY_UILaunchStoryboardName = LaunchScreen;
				INFOPLIST_KEY_UIMainStoryboardFile = Main;
				INFOPLIST_KEY_UISupportedInterfaceOrientations_iPad = "UIInterfaceOrientationPortrait UIInterfaceOrientationPortraitUpsideDown UIInterfaceOrientationLandscapeLeft UIInterfaceOrientationLandscapeRight";
				INFOPLIST_KEY_UISupportedInterfaceOrientations_iPhone = "UIInterfaceOrientationPortrait UIInterfaceOrientationLandscapeLeft UIInterfaceOrientationLandscapeRight";
				IPHONEOS_DEPLOYMENT_TARGET = 13.0;
				LD_RUNPATH_SEARCH_PATHS = (
					"$(inherited)",
					"@executable_path/Frameworks",
				);
				MARKETING_VERSION = 1.0;
				PRODUCT_BUNDLE_IDENTIFIER = com.tangbull.helloworld;
				PRODUCT_NAME = "$(TARGET_NAME)";
				SWIFT_EMIT_LOC_STRINGS = YES;
				SWIFT_VERSION = 5.0;
				TARGETED_DEVICE_FAMILY = "1,2";
			};
			name = Release;
		};
		FF7A71A22897857600E4764B /* Debug */ = {
			isa = XCBuildConfiguration;
			buildSettings = {
				ALWAYS_EMBED_SWIFT_STANDARD_LIBRARIES = YES;
				BUNDLE_LOADER = "$(TEST_HOST)";
				CODE_SIGN_STYLE = Automatic;
				CURRENT_PROJECT_VERSION = 1;
				GENERATE_INFOPLIST_FILE = YES;
				IPHONEOS_DEPLOYMENT_TARGET = 15.5;
				MARKETING_VERSION = 1.0;
				PRODUCT_BUNDLE_IDENTIFIER = com.tangbull.helloworldTests;
				PRODUCT_NAME = "$(TARGET_NAME)";
				SWIFT_EMIT_LOC_STRINGS = NO;
				SWIFT_VERSION = 5.0;
				TARGETED_DEVICE_FAMILY = "1,2";
				TEST_HOST = "$(BUILT_PRODUCTS_DIR)/helloworld.app/helloworld";
			};
			name = Debug;
		};
		FF7A71A32897857600E4764B /* Release */ = {
			isa = XCBuildConfiguration;
			buildSettings = {
				ALWAYS_EMBED_SWIFT_STANDARD_LIBRARIES = YES;
				BUNDLE_LOADER = "$(TEST_HOST)";
				CODE_SIGN_STYLE = Automatic;
				CURRENT_PROJECT_VERSION = 1;
				GENERATE_INFOPLIST_FILE = YES;
				IPHONEOS_DEPLOYMENT_TARGET = 15.5;
				MARKETING_VERSION = 1.0;
				PRODUCT_BUNDLE_IDENTIFIER = com.tangbull.helloworldTests;
				PRODUCT_NAME = "$(TARGET_NAME)";
				SWIFT_EMIT_LOC_STRINGS = NO;
				SWIFT_VERSION = 5.0;
				TARGETED_DEVICE_FAMILY = "1,2";
				TEST_HOST = "$(BUILT_PRODUCTS_DIR)/helloworld.app/helloworld";
			};
			name = Release;
		};
		FF7A71A52897857600E4764B /* Debug */ = {
			isa = XCBuildConfiguration;
			buildSettings = {
				ALWAYS_EMBED_SWIFT_STANDARD_LIBRARIES = YES;
				CODE_SIGN_STYLE = Automatic;
				CURRENT_PROJECT_VERSION = 1;
				GENERATE_INFOPLIST_FILE = YES;
				MARKETING_VERSION = 1.0;
				PRODUCT_BUNDLE_IDENTIFIER = com.tangbull.helloworldUITests;
				PRODUCT_NAME = "$(TARGET_NAME)";
				SWIFT_EMIT_LOC_STRINGS = NO;
				SWIFT_VERSION = 5.0;
				TARGETED_DEVICE_FAMILY = "1,2";
				TEST_TARGET_NAME = helloworld;
			};
			name = Debug;
		};
		FF7A71A62897857600E4764B /* Release */ = {
			isa = XCBuildConfiguration;
			buildSettings = {
				ALWAYS_EMBED_SWIFT_STANDARD_LIBRARIES = YES;
				CODE_SIGN_STYLE = Automatic;
				CURRENT_PROJECT_VERSION = 1;
				GENERATE_INFOPLIST_FILE = YES;
				MARKETING_VERSION = 1.0;
				PRODUCT_BUNDLE_IDENTIFIER = com.tangbull.helloworldUITests;
				PRODUCT_NAME = "$(TARGET_NAME)";
				SWIFT_EMIT_LOC_STRINGS = NO;
				SWIFT_VERSION = 5.0;
				TARGETED_DEVICE_FAMILY = "1,2";
				TEST_TARGET_NAME = helloworld;
			};
			name = Release;
		};
/* End XCBuildConfiguration section */

/* Begin XCConfigurationList section */
		FF7A716F2897857500E4764B /* Build configuration list for PBXProject "helloworld" */ = {
			isa = XCConfigurationList;
			buildConfigurations = (
				FF7A719C2897857600E4764B /* Debug */,
				FF7A719D2897857600E4764B /* Release */,
			);
			defaultConfigurationIsVisible = 0;
			defaultConfigurationName = Release;
		};
		FF7A719E2897857600E4764B /* Build configuration list for PBXNativeTarget "helloworld" */ = {
			isa = XCConfigurationList;
			buildConfigurations = (
				FF7A719F2897857600E4764B /* Debug */,
				FF7A71A02897857600E4764B /* Release */,
			);
			defaultConfigurationIsVisible = 0;
			defaultConfigurationName = Release;
		};
		FF7A71A12897857600E4764B /* Build configuration list for PBXNativeTarget "helloworldTests" */ = {
			isa = XCConfigurationList;
			buildConfigurations = (
				FF7A71A22897857600E4764B /* Debug */,
				FF7A71A32897857600E4764B /* Release */,
			);
			defaultConfigurationIsVisible = 0;
			defaultConfigurationName = Release;
		};
		FF7A71A42897857600E4764B /* Build configuration list for PBXNativeTarget "helloworldUITests" */ = {
			isa = XCConfigurationList;
			buildConfigurations = (
				FF7A71A52897857600E4764B /* Debug */,
				FF7A71A62897857600E4764B /* Release */,
			);
			defaultConfigurationIsVisible = 0;
			defaultConfigurationName = Release;
		};
/* End XCConfigurationList section */
	};
	rootObject = FF7A716C2897857500E4764B /* Project object */;
}
